PODS:
  - CircularSpinner (1.2.0)
  - MIBlurPopup (0.1.1)

DEPENDENCIES:
  - CircularSpinner
  - MIBlurPopup

SPEC CHECKSUMS:
  CircularSpinner: 80b8ee3eda59b66d20631d4ca7c7c83720931739
  MIBlurPopup: debbc8f4f631809797140d37b5476745a61e90be

PODFILE CHECKSUM: c05a28068e19370678fc73740f9e1948e48fc0d6

COCOAPODS: 1.2.1
