// !$*UTF8*$!
{
	archiveVersion = 1;
	classes = {
	};
	objectVersion = 46;
	objects = {

/* Begin PBXBuildFile section */
		625B1BE21ED5FE5B009C16B2 /* DBManager.swift in Sources */ = {isa = PBXBuildFile; fileRef = 625B1BE11ED5FE5B009C16B2 /* DBManager.swift */; };
		62DAC4231ED75A99004A2290 /* PopupMenuViewController.swift in Sources */ = {isa = PBXBuildFile; fileRef = 62DAC4221ED75A99004A2290 /* PopupMenuViewController.swift */; };
		62E5D38B1ED6AE7B00BFB9C5 /* Global.swift in Sources */ = {isa = PBXBuildFile; fileRef = 62E5D38A1ED6AE7B00BFB9C5 /* Global.swift */; };
		62E5D38D1ED6B02C00BFB9C5 /* CellData.swift in Sources */ = {isa = PBXBuildFile; fileRef = 62E5D38C1ED6B02C00BFB9C5 /* CellData.swift */; };
		62EA36C71ED60F88002DC06C /* Veda-Vyasa.sqlite in Resources */ = {isa = PBXBuildFile; fileRef = 62EA36C61ED60F88002DC06C /* Veda-Vyasa.sqlite */; };
		A5601483925B771C929004A8 /* Pods_Puranas.framework in Frameworks */ = {isa = PBXBuildFile; fileRef = 24D4BABA29D57ACC89D92BDD /* Pods_Puranas.framework */; };
		B303D4481EDA44A600A6EB68 /* SettingTableViewCell.swift in Sources */ = {isa = PBXBuildFile; fileRef = B303D4471EDA44A600A6EB68 /* SettingTableViewCell.swift */; };
		B303D44A1EDA44C100A6EB68 /* SettingViewController.swift in Sources */ = {isa = PBXBuildFile; fileRef = B303D4491EDA44C100A6EB68 /* SettingViewController.swift */; };
		B33AF8E61ED4083300408F38 /* AppDelegate.swift in Sources */ = {isa = PBXBuildFile; fileRef = B33AF8E51ED4083300408F38 /* AppDelegate.swift */; };
		B33AF8E81ED4083300408F38 /* ViewController.swift in Sources */ = {isa = PBXBuildFile; fileRef = B33AF8E71ED4083300408F38 /* ViewController.swift */; };
		B33AF8EB1ED4083300408F38 /* Main.storyboard in Resources */ = {isa = PBXBuildFile; fileRef = B33AF8E91ED4083300408F38 /* Main.storyboard */; };
		B33AF8F01ED4083300408F38 /* LaunchScreen.storyboard in Resources */ = {isa = PBXBuildFile; fileRef = B33AF8EE1ED4083300408F38 /* LaunchScreen.storyboard */; };
		B33AF8FB1ED4083300408F38 /* PuranasTests.swift in Sources */ = {isa = PBXBuildFile; fileRef = B33AF8FA1ED4083300408F38 /* PuranasTests.swift */; };
		B33AF9061ED4083300408F38 /* PuranasUITests.swift in Sources */ = {isa = PBXBuildFile; fileRef = B33AF9051ED4083300408F38 /* PuranasUITests.swift */; };
		B33AF9141ED4256600408F38 /* BookSeriesViewController.swift in Sources */ = {isa = PBXBuildFile; fileRef = B33AF9131ED4256600408F38 /* BookSeriesViewController.swift */; };
		B33AF9161ED4523100408F38 /* BookSeriesTableViewCell.swift in Sources */ = {isa = PBXBuildFile; fileRef = B33AF9151ED4523100408F38 /* BookSeriesTableViewCell.swift */; };
		B33AF91B1ED4619D00408F38 /* BookTableViewCell.swift in Sources */ = {isa = PBXBuildFile; fileRef = B33AF91A1ED4619D00408F38 /* BookTableViewCell.swift */; };
		B33AF91D1ED461B800408F38 /* BookViewController.swift in Sources */ = {isa = PBXBuildFile; fileRef = B33AF91C1ED461B800408F38 /* BookViewController.swift */; };
		B33AF91F1ED4BB4400408F38 /* MainViewController.swift in Sources */ = {isa = PBXBuildFile; fileRef = B33AF91E1ED4BB4400408F38 /* MainViewController.swift */; };
		B33AF9211ED4BD0100408F38 /* MainTableViewCell.swift in Sources */ = {isa = PBXBuildFile; fileRef = B33AF9201ED4BD0100408F38 /* MainTableViewCell.swift */; };
		B33AF9231ED4C7E000408F38 /* PopupViewController.swift in Sources */ = {isa = PBXBuildFile; fileRef = B33AF9221ED4C7E000408F38 /* PopupViewController.swift */; };
		B3669BF41ED6A6F900EDACD7 /* Mallanna.ttf in Resources */ = {isa = PBXBuildFile; fileRef = 62DAD5701ED6A27600849129 /* Mallanna.ttf */; };
		B382F7511ED5661A003DF09F /* libsqlite3.tbd in Frameworks */ = {isa = PBXBuildFile; fileRef = B382F7501ED5661A003DF09F /* libsqlite3.tbd */; };
		B382F75E1ED5719F003DF09F /* Series.swift in Sources */ = {isa = PBXBuildFile; fileRef = B382F75D1ED5719F003DF09F /* Series.swift */; };
		B382F7601ED5AC5C003DF09F /* Book.swift in Sources */ = {isa = PBXBuildFile; fileRef = B382F75F1ED5AC5C003DF09F /* Book.swift */; };
		B382F7621ED5AC6C003DF09F /* BookCont.swift in Sources */ = {isa = PBXBuildFile; fileRef = B382F7611ED5AC6C003DF09F /* BookCont.swift */; };
		B382F7641ED5AD79003DF09F /* Const.swift in Sources */ = {isa = PBXBuildFile; fileRef = B382F7631ED5AD79003DF09F /* Const.swift */; };
		B382F7661ED5D524003DF09F /* Assets.xcassets in Resources */ = {isa = PBXBuildFile; fileRef = B382F7651ED5D524003DF09F /* Assets.xcassets */; };
		B3DE33511EDC33B30024C776 /* EditViewController.swift in Sources */ = {isa = PBXBuildFile; fileRef = B3DE33501EDC33B30024C776 /* EditViewController.swift */; };
/* End PBXBuildFile section */

/* Begin PBXContainerItemProxy section */
		B33AF8F71ED4083300408F38 /* PBXContainerItemProxy */ = {
			isa = PBXContainerItemProxy;
			containerPortal = B33AF8DA1ED4083200408F38 /* Project object */;
			proxyType = 1;
			remoteGlobalIDString = B33AF8E11ED4083300408F38;
			remoteInfo = Puranas;
		};
		B33AF9021ED4083300408F38 /* PBXContainerItemProxy */ = {
			isa = PBXContainerItemProxy;
			containerPortal = B33AF8DA1ED4083200408F38 /* Project object */;
			proxyType = 1;
			remoteGlobalIDString = B33AF8E11ED4083300408F38;
			remoteInfo = Puranas;
		};
/* End PBXContainerItemProxy section */

/* Begin PBXFileReference section */
		24D4BABA29D57ACC89D92BDD /* Pods_Puranas.framework */ = {isa = PBXFileReference; explicitFileType = wrapper.framework; includeInIndex = 0; path = Pods_Puranas.framework; sourceTree = BUILT_PRODUCTS_DIR; };
		4A9FD23A206E783834E36A58 /* Pods-Puranas.debug.xcconfig */ = {isa = PBXFileReference; includeInIndex = 1; lastKnownFileType = text.xcconfig; name = "Pods-Puranas.debug.xcconfig"; path = "Pods/Target Support Files/Pods-Puranas/Pods-Puranas.debug.xcconfig"; sourceTree = "<group>"; };
		625B1BE11ED5FE5B009C16B2 /* DBManager.swift */ = {isa = PBXFileReference; fileEncoding = 4; lastKnownFileType = sourcecode.swift; path = DBManager.swift; sourceTree = "<group>"; };
		62DAC4221ED75A99004A2290 /* PopupMenuViewController.swift */ = {isa = PBXFileReference; fileEncoding = 4; lastKnownFileType = sourcecode.swift; path = PopupMenuViewController.swift; sourceTree = "<group>"; };
		62DAD5701ED6A27600849129 /* Mallanna.ttf */ = {isa = PBXFileReference; lastKnownFileType = file; path = Mallanna.ttf; sourceTree = "<group>"; };
		62E5D38A1ED6AE7B00BFB9C5 /* Global.swift */ = {isa = PBXFileReference; fileEncoding = 4; lastKnownFileType = sourcecode.swift; path = Global.swift; sourceTree = "<group>"; };
		62E5D38C1ED6B02C00BFB9C5 /* CellData.swift */ = {isa = PBXFileReference; fileEncoding = 4; lastKnownFileType = sourcecode.swift; path = CellData.swift; sourceTree = "<group>"; };
		62EA36C61ED60F88002DC06C /* Veda-Vyasa.sqlite */ = {isa = PBXFileReference; lastKnownFileType = file; path = "Veda-Vyasa.sqlite"; sourceTree = "<group>"; };
		A348DAEFB46F44B744F65E9A /* Pods-Puranas.release.xcconfig */ = {isa = PBXFileReference; includeInIndex = 1; lastKnownFileType = text.xcconfig; name = "Pods-Puranas.release.xcconfig"; path = "Pods/Target Support Files/Pods-Puranas/Pods-Puranas.release.xcconfig"; sourceTree = "<group>"; };
		B303D4471EDA44A600A6EB68 /* SettingTableViewCell.swift */ = {isa = PBXFileReference; fileEncoding = 4; lastKnownFileType = sourcecode.swift; path = SettingTableViewCell.swift; sourceTree = "<group>"; };
		B303D4491EDA44C100A6EB68 /* SettingViewController.swift */ = {isa = PBXFileReference; fileEncoding = 4; lastKnownFileType = sourcecode.swift; path = SettingViewController.swift; sourceTree = "<group>"; };
		B33AF8E21ED4083300408F38 /* Puranas.app */ = {isa = PBXFileReference; explicitFileType = wrapper.application; includeInIndex = 0; path = Puranas.app; sourceTree = BUILT_PRODUCTS_DIR; };
		B33AF8E51ED4083300408F38 /* AppDelegate.swift */ = {isa = PBXFileReference; lastKnownFileType = sourcecode.swift; path = AppDelegate.swift; sourceTree = "<group>"; };
		B33AF8E71ED4083300408F38 /* ViewController.swift */ = {isa = PBXFileReference; lastKnownFileType = sourcecode.swift; path = ViewController.swift; sourceTree = "<group>"; };
		B33AF8EA1ED4083300408F38 /* Base */ = {isa = PBXFileReference; lastKnownFileType = file.storyboard; name = Base; path = Base.lproj/Main.storyboard; sourceTree = "<group>"; };
		B33AF8EF1ED4083300408F38 /* Base */ = {isa = PBXFileReference; lastKnownFileType = file.storyboard; name = Base; path = Base.lproj/LaunchScreen.storyboard; sourceTree = "<group>"; };
		B33AF8F11ED4083300408F38 /* Info.plist */ = {isa = PBXFileReference; lastKnownFileType = text.plist.xml; path = Info.plist; sourceTree = "<group>"; };
		B33AF8F61ED4083300408F38 /* PuranasTests.xctest */ = {isa = PBXFileReference; explicitFileType = wrapper.cfbundle; includeInIndex = 0; path = PuranasTests.xctest; sourceTree = BUILT_PRODUCTS_DIR; };
		B33AF8FA1ED4083300408F38 /* PuranasTests.swift */ = {isa = PBXFileReference; lastKnownFileType = sourcecode.swift; path = PuranasTests.swift; sourceTree = "<group>"; };
		B33AF8FC1ED4083300408F38 /* Info.plist */ = {isa = PBXFileReference; lastKnownFileType = text.plist.xml; path = Info.plist; sourceTree = "<group>"; };
		B33AF9011ED4083300408F38 /* PuranasUITests.xctest */ = {isa = PBXFileReference; explicitFileType = wrapper.cfbundle; includeInIndex = 0; path = PuranasUITests.xctest; sourceTree = BUILT_PRODUCTS_DIR; };
		B33AF9051ED4083300408F38 /* PuranasUITests.swift */ = {isa = PBXFileReference; lastKnownFileType = sourcecode.swift; path = PuranasUITests.swift; sourceTree = "<group>"; };
		B33AF9071ED4083300408F38 /* Info.plist */ = {isa = PBXFileReference; lastKnownFileType = text.plist.xml; path = Info.plist; sourceTree = "<group>"; };
		B33AF9131ED4256600408F38 /* BookSeriesViewController.swift */ = {isa = PBXFileReference; fileEncoding = 4; lastKnownFileType = sourcecode.swift; path = BookSeriesViewController.swift; sourceTree = "<group>"; };
		B33AF9151ED4523100408F38 /* BookSeriesTableViewCell.swift */ = {isa = PBXFileReference; fileEncoding = 4; lastKnownFileType = sourcecode.swift; path = BookSeriesTableViewCell.swift; sourceTree = "<group>"; };
		B33AF91A1ED4619D00408F38 /* BookTableViewCell.swift */ = {isa = PBXFileReference; fileEncoding = 4; lastKnownFileType = sourcecode.swift; path = BookTableViewCell.swift; sourceTree = "<group>"; };
		B33AF91C1ED461B800408F38 /* BookViewController.swift */ = {isa = PBXFileReference; fileEncoding = 4; lastKnownFileType = sourcecode.swift; path = BookViewController.swift; sourceTree = "<group>"; };
		B33AF91E1ED4BB4400408F38 /* MainViewController.swift */ = {isa = PBXFileReference; fileEncoding = 4; lastKnownFileType = sourcecode.swift; path = MainViewController.swift; sourceTree = "<group>"; };
		B33AF9201ED4BD0100408F38 /* MainTableViewCell.swift */ = {isa = PBXFileReference; fileEncoding = 4; lastKnownFileType = sourcecode.swift; path = MainTableViewCell.swift; sourceTree = "<group>"; };
		B33AF9221ED4C7E000408F38 /* PopupViewController.swift */ = {isa = PBXFileReference; fileEncoding = 4; lastKnownFileType = sourcecode.swift; path = PopupViewController.swift; sourceTree = "<group>"; };
		B382F7501ED5661A003DF09F /* libsqlite3.tbd */ = {isa = PBXFileReference; lastKnownFileType = "sourcecode.text-based-dylib-definition"; name = libsqlite3.tbd; path = usr/lib/libsqlite3.tbd; sourceTree = SDKROOT; };
		B382F7581ED56A6D003DF09F /* Puranas-Bridging-Header.h */ = {isa = PBXFileReference; lastKnownFileType = sourcecode.c.h; path = "Puranas-Bridging-Header.h"; sourceTree = "<group>"; };
		B382F75D1ED5719F003DF09F /* Series.swift */ = {isa = PBXFileReference; fileEncoding = 4; lastKnownFileType = sourcecode.swift; path = Series.swift; sourceTree = "<group>"; };
		B382F75F1ED5AC5C003DF09F /* Book.swift */ = {isa = PBXFileReference; fileEncoding = 4; lastKnownFileType = sourcecode.swift; path = Book.swift; sourceTree = "<group>"; };
		B382F7611ED5AC6C003DF09F /* BookCont.swift */ = {isa = PBXFileReference; fileEncoding = 4; lastKnownFileType = sourcecode.swift; path = BookCont.swift; sourceTree = "<group>"; };
		B382F7631ED5AD79003DF09F /* Const.swift */ = {isa = PBXFileReference; fileEncoding = 4; lastKnownFileType = sourcecode.swift; path = Const.swift; sourceTree = "<group>"; };
		B382F7651ED5D524003DF09F /* Assets.xcassets */ = {isa = PBXFileReference; lastKnownFileType = folder.assetcatalog; path = Assets.xcassets; sourceTree = "<group>"; };
		B3DE33501EDC33B30024C776 /* EditViewController.swift */ = {isa = PBXFileReference; fileEncoding = 4; lastKnownFileType = sourcecode.swift; path = EditViewController.swift; sourceTree = "<group>"; };
/* End PBXFileReference section */

/* Begin PBXFrameworksBuildPhase section */
		B33AF8DF1ED4083300408F38 /* Frameworks */ = {
			isa = PBXFrameworksBuildPhase;
			buildActionMask = 2147483647;
			files = (
				B382F7511ED5661A003DF09F /* libsqlite3.tbd in Frameworks */,
				A5601483925B771C929004A8 /* Pods_Puranas.framework in Frameworks */,
			);
			runOnlyForDeploymentPostprocessing = 0;
		};
		B33AF8F31ED4083300408F38 /* Frameworks */ = {
			isa = PBXFrameworksBuildPhase;
			buildActionMask = 2147483647;
			files = (
			);
			runOnlyForDeploymentPostprocessing = 0;
		};
		B33AF8FE1ED4083300408F38 /* Frameworks */ = {
			isa = PBXFrameworksBuildPhase;
			buildActionMask = 2147483647;
			files = (
			);
			runOnlyForDeploymentPostprocessing = 0;
		};
/* End PBXFrameworksBuildPhase section */

/* Begin PBXGroup section */
		3291D85B0C1DDF99A1A4775D /* Frameworks */ = {
			isa = PBXGroup;
			children = (
				B382F7501ED5661A003DF09F /* libsqlite3.tbd */,
				24D4BABA29D57ACC89D92BDD /* Pods_Puranas.framework */,
			);
			name = Frameworks;
			sourceTree = "<group>";
		};
		B33AF8D91ED4083200408F38 = {
			isa = PBXGroup;
			children = (
				62EA36C61ED60F88002DC06C /* Veda-Vyasa.sqlite */,
				B33AF8E41ED4083300408F38 /* Puranas */,
				B33AF8F91ED4083300408F38 /* PuranasTests */,
				B33AF9041ED4083300408F38 /* PuranasUITests */,
				B33AF8E31ED4083300408F38 /* Products */,
				C92CF397B34625A7DB077EE2 /* Pods */,
				3291D85B0C1DDF99A1A4775D /* Frameworks */,
			);
			sourceTree = "<group>";
		};
		B33AF8E31ED4083300408F38 /* Products */ = {
			isa = PBXGroup;
			children = (
				B33AF8E21ED4083300408F38 /* Puranas.app */,
				B33AF8F61ED4083300408F38 /* PuranasTests.xctest */,
				B33AF9011ED4083300408F38 /* PuranasUITests.xctest */,
			);
			name = Products;
			sourceTree = "<group>";
		};
		B33AF8E41ED4083300408F38 /* Puranas */ = {
			isa = PBXGroup;
			children = (
				B33AF8E51ED4083300408F38 /* AppDelegate.swift */,
				B33AF8E71ED4083300408F38 /* ViewController.swift */,
				B33AF8E91ED4083300408F38 /* Main.storyboard */,
				B33AF8EE1ED4083300408F38 /* LaunchScreen.storyboard */,
				B33AF8F11ED4083300408F38 /* Info.plist */,
				62DAD5701ED6A27600849129 /* Mallanna.ttf */,
				B382F7651ED5D524003DF09F /* Assets.xcassets */,
				B382F75C1ED56DBD003DF09F /* Model */,
				B33AF9171ED45EA800408F38 /* ViewControllers */,
				B33AF9191ED45ECD00408F38 /* Cells */,
				B382F7571ED56864003DF09F /* SQLite Manager */,
				B382F7581ED56A6D003DF09F /* Puranas-Bridging-Header.h */,
			);
			path = Puranas;
			sourceTree = "<group>";
		};
		B33AF8F91ED4083300408F38 /* PuranasTests */ = {
			isa = PBXGroup;
			children = (
				B33AF8FA1ED4083300408F38 /* PuranasTests.swift */,
				B33AF8FC1ED4083300408F38 /* Info.plist */,
			);
			path = PuranasTests;
			sourceTree = "<group>";
		};
		B33AF9041ED4083300408F38 /* PuranasUITests */ = {
			isa = PBXGroup;
			children = (
				B33AF9051ED4083300408F38 /* PuranasUITests.swift */,
				B33AF9071ED4083300408F38 /* Info.plist */,
			);
			path = PuranasUITests;
			sourceTree = "<group>";
		};
		B33AF9171ED45EA800408F38 /* ViewControllers */ = {
			isa = PBXGroup;
			children = (
				B33AF9131ED4256600408F38 /* BookSeriesViewController.swift */,
				B33AF91C1ED461B800408F38 /* BookViewController.swift */,
				B33AF91E1ED4BB4400408F38 /* MainViewController.swift */,
				B33AF9221ED4C7E000408F38 /* PopupViewController.swift */,
				62DAC4221ED75A99004A2290 /* PopupMenuViewController.swift */,
				B303D4491EDA44C100A6EB68 /* SettingViewController.swift */,
				B3DE33501EDC33B30024C776 /* EditViewController.swift */,
			);
			name = ViewControllers;
			sourceTree = "<group>";
		};
		B33AF9191ED45ECD00408F38 /* Cells */ = {
			isa = PBXGroup;
			children = (
				B33AF91A1ED4619D00408F38 /* BookTableViewCell.swift */,
				B33AF9151ED4523100408F38 /* BookSeriesTableViewCell.swift */,
				B33AF9201ED4BD0100408F38 /* MainTableViewCell.swift */,
				B303D4471EDA44A600A6EB68 /* SettingTableViewCell.swift */,
			);
			name = Cells;
			sourceTree = "<group>";
		};
		B382F7571ED56864003DF09F /* SQLite Manager */ = {
			isa = PBXGroup;
			children = (
				625B1BE11ED5FE5B009C16B2 /* DBManager.swift */,
			);
			name = "SQLite Manager";
			sourceTree = "<group>";
		};
		B382F75C1ED56DBD003DF09F /* Model */ = {
			isa = PBXGroup;
			children = (
				B382F75D1ED5719F003DF09F /* Series.swift */,
				B382F75F1ED5AC5C003DF09F /* Book.swift */,
				B382F7611ED5AC6C003DF09F /* BookCont.swift */,
				B382F7631ED5AD79003DF09F /* Const.swift */,
				62E5D38A1ED6AE7B00BFB9C5 /* Global.swift */,
				62E5D38C1ED6B02C00BFB9C5 /* CellData.swift */,
			);
			name = Model;
			sourceTree = "<group>";
		};
		C92CF397B34625A7DB077EE2 /* Pods */ = {
			isa = PBXGroup;
			children = (
				4A9FD23A206E783834E36A58 /* Pods-Puranas.debug.xcconfig */,
				A348DAEFB46F44B744F65E9A /* Pods-Puranas.release.xcconfig */,
			);
			name = Pods;
			sourceTree = "<group>";
		};
/* End PBXGroup section */

/* Begin PBXNativeTarget section */
		B33AF8E11ED4083300408F38 /* Puranas */ = {
			isa = PBXNativeTarget;
			buildConfigurationList = B33AF90A1ED4083300408F38 /* Build configuration list for PBXNativeTarget "Puranas" */;
			buildPhases = (
				0B8D8AB60E53D89ABFD9E7CE /* [CP] Check Pods Manifest.lock */,
				B33AF8DE1ED4083300408F38 /* Sources */,
				B33AF8DF1ED4083300408F38 /* Frameworks */,
				B33AF8E01ED4083300408F38 /* Resources */,
				3E0599F2EC86942DEB51DB4C /* [CP] Embed Pods Frameworks */,
				43D56A593761878C343DCEB2 /* [CP] Copy Pods Resources */,
			);
			buildRules = (
			);
			dependencies = (
			);
			name = Puranas;
			productName = Puranas;
			productReference = B33AF8E21ED4083300408F38 /* Puranas.app */;
			productType = "com.apple.product-type.application";
		};
		B33AF8F51ED4083300408F38 /* PuranasTests */ = {
			isa = PBXNativeTarget;
			buildConfigurationList = B33AF90D1ED4083300408F38 /* Build configuration list for PBXNativeTarget "PuranasTests" */;
			buildPhases = (
				B33AF8F21ED4083300408F38 /* Sources */,
				B33AF8F31ED4083300408F38 /* Frameworks */,
				B33AF8F41ED4083300408F38 /* Resources */,
			);
			buildRules = (
			);
			dependencies = (
				B33AF8F81ED4083300408F38 /* PBXTargetDependency */,
			);
			name = PuranasTests;
			productName = PuranasTests;
			productReference = B33AF8F61ED4083300408F38 /* PuranasTests.xctest */;
			productType = "com.apple.product-type.bundle.unit-test";
		};
		B33AF9001ED4083300408F38 /* PuranasUITests */ = {
			isa = PBXNativeTarget;
			buildConfigurationList = B33AF9101ED4083300408F38 /* Build configuration list for PBXNativeTarget "PuranasUITests" */;
			buildPhases = (
				B33AF8FD1ED4083300408F38 /* Sources */,
				B33AF8FE1ED4083300408F38 /* Frameworks */,
				B33AF8FF1ED4083300408F38 /* Resources */,
			);
			buildRules = (
			);
			dependencies = (
				B33AF9031ED4083300408F38 /* PBXTargetDependency */,
			);
			name = PuranasUITests;
			productName = PuranasUITests;
			productReference = B33AF9011ED4083300408F38 /* PuranasUITests.xctest */;
			productType = "com.apple.product-type.bundle.ui-testing";
		};
/* End PBXNativeTarget section */

/* Begin PBXProject section */
		B33AF8DA1ED4083200408F38 /* Project object */ = {
			isa = PBXProject;
			attributes = {
				LastSwiftUpdateCheck = 0820;
				LastUpgradeCheck = 0820;
				ORGANIZATIONNAME = "Lucky Clover";
				TargetAttributes = {
					B33AF8E11ED4083300408F38 = {
						CreatedOnToolsVersion = 8.2.1;
						DevelopmentTeam = 9FHH47PG79;
						LastSwiftMigration = 0820;
						ProvisioningStyle = Automatic;
					};
					B33AF8F51ED4083300408F38 = {
						CreatedOnToolsVersion = 8.2.1;
						ProvisioningStyle = Automatic;
						TestTargetID = B33AF8E11ED4083300408F38;
					};
					B33AF9001ED4083300408F38 = {
						CreatedOnToolsVersion = 8.2.1;
						ProvisioningStyle = Automatic;
						TestTargetID = B33AF8E11ED4083300408F38;
					};
				};
			};
			buildConfigurationList = B33AF8DD1ED4083200408F38 /* Build configuration list for PBXProject "Puranas" */;
			compatibilityVersion = "Xcode 3.2";
			developmentRegion = English;
			hasScannedForEncodings = 0;
			knownRegions = (
				en,
				Base,
			);
			mainGroup = B33AF8D91ED4083200408F38;
			productRefGroup = B33AF8E31ED4083300408F38 /* Products */;
			projectDirPath = "";
			projectRoot = "";
			targets = (
				B33AF8E11ED4083300408F38 /* Puranas */,
				B33AF8F51ED4083300408F38 /* PuranasTests */,
				B33AF9001ED4083300408F38 /* PuranasUITests */,
			);
		};
/* End PBXProject section */

/* Begin PBXResourcesBuildPhase section */
		B33AF8E01ED4083300408F38 /* Resources */ = {
			isa = PBXResourcesBuildPhase;
			buildActionMask = 2147483647;
			files = (
				B3669BF41ED6A6F900EDACD7 /* Mallanna.ttf in Resources */,
				B33AF8F01ED4083300408F38 /* LaunchScreen.storyboard in Resources */,
				B382F7661ED5D524003DF09F /* Assets.xcassets in Resources */,
				62EA36C71ED60F88002DC06C /* Veda-Vyasa.sqlite in Resources */,
				B33AF8EB1ED4083300408F38 /* Main.storyboard in Resources */,
			);
			runOnlyForDeploymentPostprocessing = 0;
		};
		B33AF8F41ED4083300408F38 /* Resources */ = {
			isa = PBXResourcesBuildPhase;
			buildActionMask = 2147483647;
			files = (
			);
			runOnlyForDeploymentPostprocessing = 0;
		};
		B33AF8FF1ED4083300408F38 /* Resources */ = {
			isa = PBXResourcesBuildPhase;
			buildActionMask = 2147483647;
			files = (
			);
			runOnlyForDeploymentPostprocessing = 0;
		};
/* End PBXResourcesBuildPhase section */

/* Begin PBXShellScriptBuildPhase section */
		0B8D8AB60E53D89ABFD9E7CE /* [CP] Check Pods Manifest.lock */ = {
			isa = PBXShellScriptBuildPhase;
			buildActionMask = 2147483647;
			files = (
			);
			inputPaths = (
			);
			name = "[CP] Check Pods Manifest.lock";
			outputPaths = (
			);
			runOnlyForDeploymentPostprocessing = 0;
			shellPath = /bin/sh;
			shellScript = "diff \"${PODS_PODFILE_DIR_PATH}/Podfile.lock\" \"${PODS_ROOT}/Manifest.lock\" > /dev/null\nif [ $? != 0 ] ; then\n    # print error to STDERR\n    echo \"error: The sandbox is not in sync with the Podfile.lock. Run 'pod install' or update your CocoaPods installation.\" >&2\n    exit 1\nfi\n";
			showEnvVarsInLog = 0;
		};
		3E0599F2EC86942DEB51DB4C /* [CP] Embed Pods Frameworks */ = {
			isa = PBXShellScriptBuildPhase;
			buildActionMask = 2147483647;
			files = (
			);
			inputPaths = (
			);
			name = "[CP] Embed Pods Frameworks";
			outputPaths = (
			);
			runOnlyForDeploymentPostprocessing = 0;
			shellPath = /bin/sh;
			shellScript = "\"${SRCROOT}/Pods/Target Support Files/Pods-Puranas/Pods-Puranas-frameworks.sh\"\n";
			showEnvVarsInLog = 0;
		};
		43D56A593761878C343DCEB2 /* [CP] Copy Pods Resources */ = {
			isa = PBXShellScriptBuildPhase;
			buildActionMask = 2147483647;
			files = (
			);
			inputPaths = (
			);
			name = "[CP] Copy Pods Resources";
			outputPaths = (
			);
			runOnlyForDeploymentPostprocessing = 0;
			shellPath = /bin/sh;
			shellScript = "\"${SRCROOT}/Pods/Target Support Files/Pods-Puranas/Pods-Puranas-resources.sh\"\n";
			showEnvVarsInLog = 0;
		};
/* End PBXShellScriptBuildPhase section */

/* Begin PBXSourcesBuildPhase section */
		B33AF8DE1ED4083300408F38 /* Sources */ = {
			isa = PBXSourcesBuildPhase;
			buildActionMask = 2147483647;
			files = (
				B3DE33511EDC33B30024C776 /* EditViewController.swift in Sources */,
				B33AF91F1ED4BB4400408F38 /* MainViewController.swift in Sources */,
				B33AF9141ED4256600408F38 /* BookSeriesViewController.swift in Sources */,
				B33AF9211ED4BD0100408F38 /* MainTableViewCell.swift in Sources */,
				B33AF9161ED4523100408F38 /* BookSeriesTableViewCell.swift in Sources */,
				B33AF8E81ED4083300408F38 /* ViewController.swift in Sources */,
				B33AF9231ED4C7E000408F38 /* PopupViewController.swift in Sources */,
				B33AF91D1ED461B800408F38 /* BookViewController.swift in Sources */,
				62E5D38D1ED6B02C00BFB9C5 /* CellData.swift in Sources */,
				62E5D38B1ED6AE7B00BFB9C5 /* Global.swift in Sources */,
				B382F7621ED5AC6C003DF09F /* BookCont.swift in Sources */,
				B382F7601ED5AC5C003DF09F /* Book.swift in Sources */,
				B303D4481EDA44A600A6EB68 /* SettingTableViewCell.swift in Sources */,
				62DAC4231ED75A99004A2290 /* PopupMenuViewController.swift in Sources */,
				B382F75E1ED5719F003DF09F /* Series.swift in Sources */,
				B303D44A1EDA44C100A6EB68 /* SettingViewController.swift in Sources */,
				B33AF91B1ED4619D00408F38 /* BookTableViewCell.swift in Sources */,
				B33AF8E61ED4083300408F38 /* AppDelegate.swift in Sources */,
				B382F7641ED5AD79003DF09F /* Const.swift in Sources */,
				625B1BE21ED5FE5B009C16B2 /* DBManager.swift in Sources */,
			);
			runOnlyForDeploymentPostprocessing = 0;
		};
		B33AF8F21ED4083300408F38 /* Sources */ = {
			isa = PBXSourcesBuildPhase;
			buildActionMask = 2147483647;
			files = (
				B33AF8FB1ED4083300408F38 /* PuranasTests.swift in Sources */,
			);
			runOnlyForDeploymentPostprocessing = 0;
		};
		B33AF8FD1ED4083300408F38 /* Sources */ = {
			isa = PBXSourcesBuildPhase;
			buildActionMask = 2147483647;
			files = (
				B33AF9061ED4083300408F38 /* PuranasUITests.swift in Sources */,
			);
			runOnlyForDeploymentPostprocessing = 0;
		};
/* End PBXSourcesBuildPhase section */

/* Begin PBXTargetDependency section */
		B33AF8F81ED4083300408F38 /* PBXTargetDependency */ = {
			isa = PBXTargetDependency;
			target = B33AF8E11ED4083300408F38 /* Puranas */;
			targetProxy = B33AF8F71ED4083300408F38 /* PBXContainerItemProxy */;
		};
		B33AF9031ED4083300408F38 /* PBXTargetDependency */ = {
			isa = PBXTargetDependency;
			target = B33AF8E11ED4083300408F38 /* Puranas */;
			targetProxy = B33AF9021ED4083300408F38 /* PBXContainerItemProxy */;
		};
/* End PBXTargetDependency section */

/* Begin PBXVariantGroup section */
		B33AF8E91ED4083300408F38 /* Main.storyboard */ = {
			isa = PBXVariantGroup;
			children = (
				B33AF8EA1ED4083300408F38 /* Base */,
			);
			name = Main.storyboard;
			sourceTree = "<group>";
		};
		B33AF8EE1ED4083300408F38 /* LaunchScreen.storyboard */ = {
			isa = PBXVariantGroup;
			children = (
				B33AF8EF1ED4083300408F38 /* Base */,
			);
			name = LaunchScreen.storyboard;
			sourceTree = "<group>";
		};
/* End PBXVariantGroup section */

/* Begin XCBuildConfiguration section */
		B33AF9081ED4083300408F38 /* Debug */ = {
			isa = XCBuildConfiguration;
			buildSettings = {
				ALWAYS_SEARCH_USER_PATHS = NO;
				CLANG_ANALYZER_NONNULL = YES;
				CLANG_CXX_LANGUAGE_STANDARD = "gnu++0x";
				CLANG_CXX_LIBRARY = "libc++";
				CLANG_ENABLE_MODULES = YES;
				CLANG_ENABLE_OBJC_ARC = YES;
				CLANG_WARN_BOOL_CONVERSION = YES;
				CLANG_WARN_CONSTANT_CONVERSION = YES;
				CLANG_WARN_DIRECT_OBJC_ISA_USAGE = YES_ERROR;
				CLANG_WARN_DOCUMENTATION_COMMENTS = YES;
				CLANG_WARN_EMPTY_BODY = YES;
				CLANG_WARN_ENUM_CONVERSION = YES;
				CLANG_WARN_INFINITE_RECURSION = YES;
				CLANG_WARN_INT_CONVERSION = YES;
				CLANG_WARN_OBJC_ROOT_CLASS = YES_ERROR;
				CLANG_WARN_SUSPICIOUS_MOVE = YES;
				CLANG_WARN_UNREACHABLE_CODE = YES;
				CLANG_WARN__DUPLICATE_METHOD_MATCH = YES;
				"CODE_SIGN_IDENTITY[sdk=iphoneos*]" = "iPhone Developer";
				COPY_PHASE_STRIP = NO;
				DEBUG_INFORMATION_FORMAT = dwarf;
				ENABLE_STRICT_OBJC_MSGSEND = YES;
				ENABLE_TESTABILITY = YES;
				GCC_C_LANGUAGE_STANDARD = gnu99;
				GCC_DYNAMIC_NO_PIC = NO;
				GCC_NO_COMMON_BLOCKS = YES;
				GCC_OPTIMIZATION_LEVEL = 0;
				GCC_PREPROCESSOR_DEFINITIONS = (
					"DEBUG=1",
					"$(inherited)",
				);
				GCC_WARN_64_TO_32_BIT_CONVERSION = YES;
				GCC_WARN_ABOUT_RETURN_TYPE = YES_ERROR;
				GCC_WARN_UNDECLARED_SELECTOR = YES;
				GCC_WARN_UNINITIALIZED_AUTOS = YES_AGGRESSIVE;
				GCC_WARN_UNUSED_FUNCTION = YES;
				GCC_WARN_UNUSED_VARIABLE = YES;
				IPHONEOS_DEPLOYMENT_TARGET = 10.2;
				MTL_ENABLE_DEBUG_INFO = YES;
				ONLY_ACTIVE_ARCH = YES;
				SDKROOT = iphoneos;
				SWIFT_ACTIVE_COMPILATION_CONDITIONS = DEBUG;
				SWIFT_OPTIMIZATION_LEVEL = "-Onone";
				TARGETED_DEVICE_FAMILY = "1,2";
			};
			name = Debug;
		};
		B33AF9091ED4083300408F38 /* Release */ = {
			isa = XCBuildConfiguration;
			buildSettings = {
				ALWAYS_SEARCH_USER_PATHS = NO;
				CLANG_ANALYZER_NONNULL = YES;
				CLANG_CXX_LANGUAGE_STANDARD = "gnu++0x";
				CLANG_CXX_LIBRARY = "libc++";
				CLANG_ENABLE_MODULES = YES;
				CLANG_ENABLE_OBJC_ARC = YES;
				CLANG_WARN_BOOL_CONVERSION = YES;
				CLANG_WARN_CONSTANT_CONVERSION = YES;
				CLANG_WARN_DIRECT_OBJC_ISA_USAGE = YES_ERROR;
				CLANG_WARN_DOCUMENTATION_COMMENTS = YES;
				CLANG_WARN_EMPTY_BODY = YES;
				CLANG_WARN_ENUM_CONVERSION = YES;
				CLANG_WARN_INFINITE_RECURSION = YES;
				CLANG_WARN_INT_CONVERSION = YES;
				CLANG_WARN_OBJC_ROOT_CLASS = YES_ERROR;
				CLANG_WARN_SUSPICIOUS_MOVE = YES;
				CLANG_WARN_UNREACHABLE_CODE = YES;
				CLANG_WARN__DUPLICATE_METHOD_MATCH = YES;
				"CODE_SIGN_IDENTITY[sdk=iphoneos*]" = "iPhone Developer";
				COPY_PHASE_STRIP = NO;
				DEBUG_INFORMATION_FORMAT = "dwarf-with-dsym";
				ENABLE_NS_ASSERTIONS = NO;
				ENABLE_STRICT_OBJC_MSGSEND = YES;
				GCC_C_LANGUAGE_STANDARD = gnu99;
				GCC_NO_COMMON_BLOCKS = YES;
				GCC_WARN_64_TO_32_BIT_CONVERSION = YES;
				GCC_WARN_ABOUT_RETURN_TYPE = YES_ERROR;
				GCC_WARN_UNDECLARED_SELECTOR = YES;
				GCC_WARN_UNINITIALIZED_AUTOS = YES_AGGRESSIVE;
				GCC_WARN_UNUSED_FUNCTION = YES;
				GCC_WARN_UNUSED_VARIABLE = YES;
				IPHONEOS_DEPLOYMENT_TARGET = 10.2;
				MTL_ENABLE_DEBUG_INFO = NO;
				SDKROOT = iphoneos;
				SWIFT_OPTIMIZATION_LEVEL = "-Owholemodule";
				TARGETED_DEVICE_FAMILY = "1,2";
				VALIDATE_PRODUCT = YES;
			};
			name = Release;
		};
		B33AF90B1ED4083300408F38 /* Debug */ = {
			isa = XCBuildConfiguration;
			baseConfigurationReference = 4A9FD23A206E783834E36A58 /* Pods-Puranas.debug.xcconfig */;
			buildSettings = {
				ASSETCATALOG_COMPILER_APPICON_NAME = AppIcon;
				CLANG_ENABLE_MODULES = YES;
				"CODE_SIGN_IDENTITY[sdk=iphoneos*]" = "iPhone Developer";
				DEVELOPMENT_TEAM = 9FHH47PG79;
				INFOPLIST_FILE = Puranas/Info.plist;
				LD_RUNPATH_SEARCH_PATHS = "$(inherited) @executable_path/Frameworks";
				PRODUCT_BUNDLE_IDENTIFIER = com.throva.vedavyas.puranas;
				PRODUCT_NAME = "$(TARGET_NAME)";
				SWIFT_OBJC_BRIDGING_HEADER = "Puranas/Puranas-Bridging-Header.h";
				SWIFT_OPTIMIZATION_LEVEL = "-Onone";
				SWIFT_VERSION = 3.0;
			};
			name = Debug;
		};
		B33AF90C1ED4083300408F38 /* Release */ = {
			isa = XCBuildConfiguration;
			baseConfigurationReference = A348DAEFB46F44B744F65E9A /* Pods-Puranas.release.xcconfig */;
			buildSettings = {
				ASSETCATALOG_COMPILER_APPICON_NAME = AppIcon;
				CLANG_ENABLE_MODULES = YES;
				"CODE_SIGN_IDENTITY[sdk=iphoneos*]" = "iPhone Developer";
				DEVELOPMENT_TEAM = 9FHH47PG79;
				INFOPLIST_FILE = Puranas/Info.plist;
				LD_RUNPATH_SEARCH_PATHS = "$(inherited) @executable_path/Frameworks";
				PRODUCT_BUNDLE_IDENTIFIER = com.throva.vedavyas.puranas;
				PRODUCT_NAME = "$(TARGET_NAME)";
				SWIFT_OBJC_BRIDGING_HEADER = "Puranas/Puranas-Bridging-Header.h";
				SWIFT_VERSION = 3.0;
			};
			name = Release;
		};
		B33AF90E1ED4083300408F38 /* Debug */ = {
			isa = XCBuildConfiguration;
			buildSettings = {
				ALWAYS_EMBED_SWIFT_STANDARD_LIBRARIES = YES;
				BUNDLE_LOADER = "$(TEST_HOST)";
				INFOPLIST_FILE = PuranasTests/Info.plist;
				LD_RUNPATH_SEARCH_PATHS = "$(inherited) @executable_path/Frameworks @loader_path/Frameworks";
				PRODUCT_BUNDLE_IDENTIFIER = com.throva.vedavyas.PuranasTests;
				PRODUCT_NAME = "$(TARGET_NAME)";
				SWIFT_VERSION = 3.0;
				TEST_HOST = "$(BUILT_PRODUCTS_DIR)/Puranas.app/Puranas";
			};
			name = Debug;
		};
		B33AF90F1ED4083300408F38 /* Release */ = {
			isa = XCBuildConfiguration;
			buildSettings = {
				ALWAYS_EMBED_SWIFT_STANDARD_LIBRARIES = YES;
				BUNDLE_LOADER = "$(TEST_HOST)";
				INFOPLIST_FILE = PuranasTests/Info.plist;
				LD_RUNPATH_SEARCH_PATHS = "$(inherited) @executable_path/Frameworks @loader_path/Frameworks";
				PRODUCT_BUNDLE_IDENTIFIER = com.throva.vedavyas.PuranasTests;
				PRODUCT_NAME = "$(TARGET_NAME)";
				SWIFT_VERSION = 3.0;
				TEST_HOST = "$(BUILT_PRODUCTS_DIR)/Puranas.app/Puranas";
			};
			name = Release;
		};
		B33AF9111ED4083300408F38 /* Debug */ = {
			isa = XCBuildConfiguration;
			buildSettings = {
				ALWAYS_EMBED_SWIFT_STANDARD_LIBRARIES = YES;
				INFOPLIST_FILE = PuranasUITests/Info.plist;
				LD_RUNPATH_SEARCH_PATHS = "$(inherited) @executable_path/Frameworks @loader_path/Frameworks";
				PRODUCT_BUNDLE_IDENTIFIER = com.throva.vedavyas.PuranasUITests;
				PRODUCT_NAME = "$(TARGET_NAME)";
				SWIFT_VERSION = 3.0;
				TEST_TARGET_NAME = Puranas;
			};
			name = Debug;
		};
		B33AF9121ED4083300408F38 /* Release */ = {
			isa = XCBuildConfiguration;
			buildSettings = {
				ALWAYS_EMBED_SWIFT_STANDARD_LIBRARIES = YES;
				INFOPLIST_FILE = PuranasUITests/Info.plist;
				LD_RUNPATH_SEARCH_PATHS = "$(inherited) @executable_path/Frameworks @loader_path/Frameworks";
				PRODUCT_BUNDLE_IDENTIFIER = com.throva.vedavyas.PuranasUITests;
				PRODUCT_NAME = "$(TARGET_NAME)";
				SWIFT_VERSION = 3.0;
				TEST_TARGET_NAME = Puranas;
			};
			name = Release;
		};
/* End XCBuildConfiguration section */

/* Begin XCConfigurationList section */
		B33AF8DD1ED4083200408F38 /* Build configuration list for PBXProject "Puranas" */ = {
			isa = XCConfigurationList;
			buildConfigurations = (
				B33AF9081ED4083300408F38 /* Debug */,
				B33AF9091ED4083300408F38 /* Release */,
			);
			defaultConfigurationIsVisible = 0;
			defaultConfigurationName = Release;
		};
		B33AF90A1ED4083300408F38 /* Build configuration list for PBXNativeTarget "Puranas" */ = {
			isa = XCConfigurationList;
			buildConfigurations = (
				B33AF90B1ED4083300408F38 /* Debug */,
				B33AF90C1ED4083300408F38 /* Release */,
			);
			defaultConfigurationIsVisible = 0;
			defaultConfigurationName = Release;
		};
		B33AF90D1ED4083300408F38 /* Build configuration list for PBXNativeTarget "PuranasTests" */ = {
			isa = XCConfigurationList;
			buildConfigurations = (
				B33AF90E1ED4083300408F38 /* Debug */,
				B33AF90F1ED4083300408F38 /* Release */,
			);
			defaultConfigurationIsVisible = 0;
			defaultConfigurationName = Release;
		};
		B33AF9101ED4083300408F38 /* Build configuration list for PBXNativeTarget "PuranasUITests" */ = {
			isa = XCConfigurationList;
			buildConfigurations = (
				B33AF9111ED4083300408F38 /* Debug */,
				B33AF9121ED4083300408F38 /* Release */,
			);
			defaultConfigurationIsVisible = 0;
			defaultConfigurationName = Release;
		};
/* End XCConfigurationList section */
	};
	rootObject = B33AF8DA1ED4083200408F38 /* Project object */;
}
